
Microsoft Visual Studio Solution File, Format Version 12.00
# Visual Studio Version 17
VisualStudioVersion = 17.10.35122.118
MinimumVisualStudioVersion = 10.0.40219.1
Project("{FAE04EC0-301F-11D3-BF4B-00C04F79EFBC}") = "TeamApi", "TeamApi\TeamApi.csproj", "{6C47CDC1-54D8-4CD8-A475-6DE7E581862A}"
EndProject
Global
	GlobalSection(SolutionConfigurationPlatforms) = preSolution
		Debug|Any CPU = Debug|Any CPU
		Release|Any CPU = Release|Any CPU
	EndGlobalSection
	GlobalSection(ProjectConfigurationPlatforms) = postSolution
		{6C47CDC1-54D8-4CD8-A475-6DE7E581862A}.Debug|Any CPU.ActiveCfg = Debug|Any CPU
		{6C47CDC1-54D8-4CD8-A475-6DE7E581862A}.Debug|Any CPU.Build.0 = Debug|Any CPU
		{6C47CDC1-54D8-4CD8-A475-6DE7E581862A}.Release|Any CPU.ActiveCfg = Release|Any CPU
		{6C47CDC1-54D8-4CD8-A475-6DE7E581862A}.Release|Any CPU.Build.0 = Release|Any CPU
	EndGlobalSection
	GlobalSection(SolutionProperties) = preSolution
		HideSolutionNode = FALSE
	EndGlobalSection
	GlobalSection(ExtensibilityGlobals) = postSolution
		SolutionGuid = {A96E104C-A48E-4B9E-8728-D78822B67328}
	EndGlobalSection
EndGlobal
